Microsoft Visual Studio Solution File, Format Version 12.00
# Visual Studio 2012
Project("{FAE04EC0-301F-11D3-BF4B-00C04F79EFBC}") = "lsd_dream", "lsd_dream.csproj", "{A879B76E-B2C1-4978-9885-B75DB7593344}"
EndProject
Global
	GlobalSection(SolutionConfigurationPlatforms) = preSolution
	Debug|Any CPU = Debug|Any CPU
	ExportDebug|Any CPU = ExportDebug|Any CPU
	ExportRelease|Any CPU = ExportRelease|Any CPU
	EndGlobalSection
	GlobalSection(ProjectConfigurationPlatforms) = postSolution
		{A879B76E-B2C1-4978-9885-B75DB7593344}.Debug|Any CPU.ActiveCfg = Debug|Any CPU
		{A879B76E-B2C1-4978-9885-B75DB7593344}.Debug|Any CPU.Build.0 = Debug|Any CPU
		{A879B76E-B2C1-4978-9885-B75DB7593344}.ExportDebug|Any CPU.ActiveCfg = ExportDebug|Any CPU
		{A879B76E-B2C1-4978-9885-B75DB7593344}.ExportDebug|Any CPU.Build.0 = ExportDebug|Any CPU
		{A879B76E-B2C1-4978-9885-B75DB7593344}.ExportRelease|Any CPU.ActiveCfg = ExportRelease|Any CPU
		{A879B76E-B2C1-4978-9885-B75DB7593344}.ExportRelease|Any CPU.Build.0 = ExportRelease|Any CPU
	EndGlobalSection
EndGlobal
